
Microsoft Visual Studio Solution File, Format Version 12.00
# Visual Studio Version 16
VisualStudioVersion = 16.0.29911.84
MinimumVisualStudioVersion = 10.0.40219.1
Project("{F184B08F-C81C-45F6-A57F-5ABD9991F28F}") = "Memory", "Memory\Memory.vbproj", "{1684947E-34D3-479D-8840-49A8AF7CC68E}"
EndProject
Global
	GlobalSection(SolutionConfigurationPlatforms) = preSolution
		Debug|Any CPU = Debug|Any CPU
		Release|Any CPU = Release|Any CPU
	EndGlobalSection
	GlobalSection(ProjectConfigurationPlatforms) = postSolution
		{1684947E-34D3-479D-8840-49A8AF7CC68E}.Debug|Any CPU.ActiveCfg = Debug|Any CPU
		{1684947E-34D3-479D-8840-49A8AF7CC68E}.Debug|Any CPU.Build.0 = Debug|Any CPU
		{1684947E-34D3-479D-8840-49A8AF7CC68E}.Release|Any CPU.ActiveCfg = Release|Any CPU
		{1684947E-34D3-479D-8840-49A8AF7CC68E}.Release|Any CPU.Build.0 = Release|Any CPU
	EndGlobalSection
	GlobalSection(SolutionProperties) = preSolution
		HideSolutionNode = FALSE
	EndGlobalSection
	GlobalSection(ExtensibilityGlobals) = postSolution
		SolutionGuid = {CCF80D31-05BD-4F5B-8AE0-D07FE796B152}
	EndGlobalSection
EndGlobal
